
Microsoft Visual Studio Solution File, Format Version 12.00
# Visual Studio Version 16
VisualStudioVersion = 16.0.30717.126
MinimumVisualStudioVersion = 10.0.40219.1
Project("{9A19103F-16F7-4668-BE54-9A1E7A4F7556}") = "System.Windows.Forms.DataGrid", "System.Windows.Forms.Extenions\System.Windows.Forms.DataGrid.csproj", "{479D84EC-FF43-4A8A-B8A2-3F379E3C5A84}"
EndProject
Project("{2150E333-8FDC-42A3-9474-1A3956D46DE8}") = "Items", "Items", "{147F0512-9DC1-4179-8DF0-2BCD733A887C}"
	ProjectSection(SolutionItems) = preProject
		Changes.txt = Changes.txt
	EndProjectSection
EndProject
Project("{FAE04EC0-301F-11D3-BF4B-00C04F79EFBC}") = "DataGridExample", "DataGridExample\DataGridExample.csproj", "{F038DA4F-73BB-46C8-AF37-338EF42BAF87}"
EndProject
Global
	GlobalSection(SolutionConfigurationPlatforms) = preSolution
		Debug|Any CPU = Debug|Any CPU
		Release|Any CPU = Release|Any CPU
	EndGlobalSection
	GlobalSection(ProjectConfigurationPlatforms) = postSolution
		{479D84EC-FF43-4A8A-B8A2-3F379E3C5A84}.Debug|Any CPU.ActiveCfg = Debug|Any CPU
		{479D84EC-FF43-4A8A-B8A2-3F379E3C5A84}.Debug|Any CPU.Build.0 = Debug|Any CPU
		{479D84EC-FF43-4A8A-B8A2-3F379E3C5A84}.Release|Any CPU.ActiveCfg = Release|Any CPU
		{479D84EC-FF43-4A8A-B8A2-3F379E3C5A84}.Release|Any CPU.Build.0 = Release|Any CPU
		{F038DA4F-73BB-46C8-AF37-338EF42BAF87}.Debug|Any CPU.ActiveCfg = Debug|Any CPU
		{F038DA4F-73BB-46C8-AF37-338EF42BAF87}.Debug|Any CPU.Build.0 = Debug|Any CPU
		{F038DA4F-73BB-46C8-AF37-338EF42BAF87}.Release|Any CPU.ActiveCfg = Release|Any CPU
		{F038DA4F-73BB-46C8-AF37-338EF42BAF87}.Release|Any CPU.Build.0 = Release|Any CPU
	EndGlobalSection
	GlobalSection(SolutionProperties) = preSolution
		HideSolutionNode = FALSE
	EndGlobalSection
	GlobalSection(ExtensibilityGlobals) = postSolution
		SolutionGuid = {8EAB690C-00B3-49E8-9061-3F142B1CFBB2}
	EndGlobalSection
EndGlobal
